
Microsoft Visual Studio Solution File, Format Version 12.00
Project("{2150E333-8FDC-42A3-9474-1A3956D46DE8}") = "src", "src", "{090F6008-DFAA-4E4E-90EE-E60646BE0297}"
EndProject
Project("{2150E333-8FDC-42A3-9474-1A3956D46DE8}") = "Solution Items", "Solution Items", "{F4CADBD2-6A18-45B0-8803-0B59EACA398C}"
EndProject
Project("{2150E333-8FDC-42A3-9474-1A3956D46DE8}") = "Quotation", "Quotation", "{29187CE1-2602-4FF2-9DD6-4F9CCF471E2A}"
EndProject
Project("{2150E333-8FDC-42A3-9474-1A3956D46DE8}") = "1-Application", "1-Application", "{F2C3BB21-51ED-4CA5-929A-1627DAFD18C2}"
EndProject
Project("{FAE04EC0-301F-11D3-BF4B-00C04F79EFBC}") = "QuotationServiceManagement.Application.Web", "src\Quotation\QuotationServiceManagement.Application.Web\QuotationServiceManagement.Application.Web.csproj", "{30F7A709-275F-42CD-B888-6ED17BA9CD3F}"
EndProject
Project("{2150E333-8FDC-42A3-9474-1A3956D46DE8}") = "3-Infrastructure", "3-Infrastructure", "{21C0620B-15BD-4B47-82FB-9DF07A007230}"
EndProject
Project("{FAE04EC0-301F-11D3-BF4B-00C04F79EFBC}") = "QuotationServiceManagement.Infrastructure", "src\Quotation\QuotationServiceManagement.Infrastructure\QuotationServiceManagement.Infrastructure.csproj", "{C3A940F1-2F1A-4A18-93D2-32543E19F272}"
EndProject
Project("{FAE04EC0-301F-11D3-BF4B-00C04F79EFBC}") = "QuotationServiceManagement.Application.Infrastructure", "src\Quotation\QuotationServiceManagement.Application.Infrastructure\QuotationServiceManagement.Application.Infrastructure.csproj", "{BE4ADC6A-FA9C-434B-8210-09C8F27F252E}"
EndProject
Project("{2150E333-8FDC-42A3-9474-1A3956D46DE8}") = "Client", "Client", "{EF5915A6-C9A7-4F6C-BD2E-FAA764020559}"
EndProject
Project("{FAE04EC0-301F-11D3-BF4B-00C04F79EFBC}") = "ClientManage.API", "src\Client\ClientManage.API\ClientManage.API.csproj", "{B70EE310-2D73-4F9E-83E0-E6763321EFE5}"
EndProject
Project("{2150E333-8FDC-42A3-9474-1A3956D46DE8}") = "Product", "Product", "{1E46F69C-747B-4A9C-86C4-5C78E3090BF5}"
EndProject
Project("{FAE04EC0-301F-11D3-BF4B-00C04F79EFBC}") = "ProductManage.API", "src\Product\ProductManage.API\ProductManage.API.csproj", "{CCD70DC2-34FF-4D0D-83A6-E0C3653529D1}"
EndProject
Project("{2150E333-8FDC-42A3-9474-1A3956D46DE8}") = "2-Domain", "2-Domain", "{5484ADD5-9889-43B1-8387-204BE6FBD049}"
EndProject
Project("{FAE04EC0-301F-11D3-BF4B-00C04F79EFBC}") = "QuotationServiceManagement.Domain", "src\Quotation\QuotationServiceManagement.Domain\QuotationServiceManagement.Domain.csproj", "{CD5CF6B0-C9AB-4964-A4A0-416AEBCFF364}"
EndProject
Project("{FAE04EC0-301F-11D3-BF4B-00C04F79EFBC}") = "QuotationServiceManagement.Domain.Shared", "src\Quotation\QuotationServiceManagement.Domain.Shared\QuotationServiceManagement.Domain.Shared.csproj", "{D0D8C478-7F00-4DAC-850F-7F275D38A4BA}"
EndProject
Project("{2150E333-8FDC-42A3-9474-1A3956D46DE8}") = "Others", "Others", "{78BD5569-29DE-4878-A3DC-2113227B42E2}"
EndProject
Project("{2150E333-8FDC-42A3-9474-1A3956D46DE8}") = "BuildingBlcks", "BuildingBlcks", "{334E1E30-8B03-4C92-841E-B681ED5F50DF}"
EndProject
Project("{FAE04EC0-301F-11D3-BF4B-00C04F79EFBC}") = "QuotationServiceManagement.IntegrationEvent", "src\Quotation\QuotationServiceManagement.IntegrationEvent\QuotationServiceManagement.IntegrationEvent.csproj", "{EEA389E0-CAB4-403C-9657-FB3395969461}"
EndProject
Project("{FAE04EC0-301F-11D3-BF4B-00C04F79EFBC}") = "QuotationServiceManagement.Application.Service", "src\Quotation\QuotationServiceManagement.Application.Service\QuotationServiceManagement.Application.Service.csproj", "{B6005031-E11F-4D23-ABC9-2C15CA8890C5}"
EndProject
Project("{FAE04EC0-301F-11D3-BF4B-00C04F79EFBC}") = "ProductManage.Domain", "src\Product\ProductManage.Domain\ProductManage.Domain.csproj", "{6F832AA6-87EE-4E3B-8964-4A05A66ED286}"
EndProject
Project("{FAE04EC0-301F-11D3-BF4B-00C04F79EFBC}") = "ProductManage.Infrastructure", "src\Product\ProductManage.Infrastructure\ProductManage.Infrastructure.csproj", "{5B6D6B48-E825-4148-BB64-99838B2A2169}"
EndProject
Global
	GlobalSection(SolutionConfigurationPlatforms) = preSolution
		Debug|Any CPU = Debug|Any CPU
		Release|Any CPU = Release|Any CPU
	EndGlobalSection
	GlobalSection(NestedProjects) = preSolution
		{29187CE1-2602-4FF2-9DD6-4F9CCF471E2A} = {090F6008-DFAA-4E4E-90EE-E60646BE0297}
		{F2C3BB21-51ED-4CA5-929A-1627DAFD18C2} = {29187CE1-2602-4FF2-9DD6-4F9CCF471E2A}
		{30F7A709-275F-42CD-B888-6ED17BA9CD3F} = {F2C3BB21-51ED-4CA5-929A-1627DAFD18C2}
		{21C0620B-15BD-4B47-82FB-9DF07A007230} = {29187CE1-2602-4FF2-9DD6-4F9CCF471E2A}
		{C3A940F1-2F1A-4A18-93D2-32543E19F272} = {21C0620B-15BD-4B47-82FB-9DF07A007230}
		{BE4ADC6A-FA9C-434B-8210-09C8F27F252E} = {F2C3BB21-51ED-4CA5-929A-1627DAFD18C2}
		{EF5915A6-C9A7-4F6C-BD2E-FAA764020559} = {090F6008-DFAA-4E4E-90EE-E60646BE0297}
		{B70EE310-2D73-4F9E-83E0-E6763321EFE5} = {EF5915A6-C9A7-4F6C-BD2E-FAA764020559}
		{1E46F69C-747B-4A9C-86C4-5C78E3090BF5} = {090F6008-DFAA-4E4E-90EE-E60646BE0297}
		{CCD70DC2-34FF-4D0D-83A6-E0C3653529D1} = {1E46F69C-747B-4A9C-86C4-5C78E3090BF5}
		{5484ADD5-9889-43B1-8387-204BE6FBD049} = {29187CE1-2602-4FF2-9DD6-4F9CCF471E2A}
		{CD5CF6B0-C9AB-4964-A4A0-416AEBCFF364} = {5484ADD5-9889-43B1-8387-204BE6FBD049}
		{D0D8C478-7F00-4DAC-850F-7F275D38A4BA} = {5484ADD5-9889-43B1-8387-204BE6FBD049}
		{78BD5569-29DE-4878-A3DC-2113227B42E2} = {090F6008-DFAA-4E4E-90EE-E60646BE0297}
		{334E1E30-8B03-4C92-841E-B681ED5F50DF} = {29187CE1-2602-4FF2-9DD6-4F9CCF471E2A}
		{EEA389E0-CAB4-403C-9657-FB3395969461} = {334E1E30-8B03-4C92-841E-B681ED5F50DF}
		{B6005031-E11F-4D23-ABC9-2C15CA8890C5} = {F2C3BB21-51ED-4CA5-929A-1627DAFD18C2}
		{6F832AA6-87EE-4E3B-8964-4A05A66ED286} = {1E46F69C-747B-4A9C-86C4-5C78E3090BF5}
		{5B6D6B48-E825-4148-BB64-99838B2A2169} = {1E46F69C-747B-4A9C-86C4-5C78E3090BF5}
	EndGlobalSection
	GlobalSection(ProjectConfigurationPlatforms) = postSolution
		{30F7A709-275F-42CD-B888-6ED17BA9CD3F}.Debug|Any CPU.ActiveCfg = Debug|Any CPU
		{30F7A709-275F-42CD-B888-6ED17BA9CD3F}.Debug|Any CPU.Build.0 = Debug|Any CPU
		{30F7A709-275F-42CD-B888-6ED17BA9CD3F}.Release|Any CPU.ActiveCfg = Release|Any CPU
		{30F7A709-275F-42CD-B888-6ED17BA9CD3F}.Release|Any CPU.Build.0 = Release|Any CPU
		{C3A940F1-2F1A-4A18-93D2-32543E19F272}.Debug|Any CPU.ActiveCfg = Debug|Any CPU
		{C3A940F1-2F1A-4A18-93D2-32543E19F272}.Debug|Any CPU.Build.0 = Debug|Any CPU
		{C3A940F1-2F1A-4A18-93D2-32543E19F272}.Release|Any CPU.ActiveCfg = Release|Any CPU
		{C3A940F1-2F1A-4A18-93D2-32543E19F272}.Release|Any CPU.Build.0 = Release|Any CPU
		{BE4ADC6A-FA9C-434B-8210-09C8F27F252E}.Debug|Any CPU.ActiveCfg = Debug|Any CPU
		{BE4ADC6A-FA9C-434B-8210-09C8F27F252E}.Debug|Any CPU.Build.0 = Debug|Any CPU
		{BE4ADC6A-FA9C-434B-8210-09C8F27F252E}.Release|Any CPU.ActiveCfg = Release|Any CPU
		{BE4ADC6A-FA9C-434B-8210-09C8F27F252E}.Release|Any CPU.Build.0 = Release|Any CPU
		{B70EE310-2D73-4F9E-83E0-E6763321EFE5}.Debug|Any CPU.ActiveCfg = Debug|Any CPU
		{B70EE310-2D73-4F9E-83E0-E6763321EFE5}.Debug|Any CPU.Build.0 = Debug|Any CPU
		{B70EE310-2D73-4F9E-83E0-E6763321EFE5}.Release|Any CPU.ActiveCfg = Release|Any CPU
		{B70EE310-2D73-4F9E-83E0-E6763321EFE5}.Release|Any CPU.Build.0 = Release|Any CPU
		{CCD70DC2-34FF-4D0D-83A6-E0C3653529D1}.Debug|Any CPU.ActiveCfg = Debug|Any CPU
		{CCD70DC2-34FF-4D0D-83A6-E0C3653529D1}.Debug|Any CPU.Build.0 = Debug|Any CPU
		{CCD70DC2-34FF-4D0D-83A6-E0C3653529D1}.Release|Any CPU.ActiveCfg = Release|Any CPU
		{CCD70DC2-34FF-4D0D-83A6-E0C3653529D1}.Release|Any CPU.Build.0 = Release|Any CPU
		{CD5CF6B0-C9AB-4964-A4A0-416AEBCFF364}.Debug|Any CPU.ActiveCfg = Debug|Any CPU
		{CD5CF6B0-C9AB-4964-A4A0-416AEBCFF364}.Debug|Any CPU.Build.0 = Debug|Any CPU
		{CD5CF6B0-C9AB-4964-A4A0-416AEBCFF364}.Release|Any CPU.ActiveCfg = Release|Any CPU
		{CD5CF6B0-C9AB-4964-A4A0-416AEBCFF364}.Release|Any CPU.Build.0 = Release|Any CPU
		{D0D8C478-7F00-4DAC-850F-7F275D38A4BA}.Debug|Any CPU.ActiveCfg = Debug|Any CPU
		{D0D8C478-7F00-4DAC-850F-7F275D38A4BA}.Debug|Any CPU.Build.0 = Debug|Any CPU
		{D0D8C478-7F00-4DAC-850F-7F275D38A4BA}.Release|Any CPU.ActiveCfg = Release|Any CPU
		{D0D8C478-7F00-4DAC-850F-7F275D38A4BA}.Release|Any CPU.Build.0 = Release|Any CPU
		{EEA389E0-CAB4-403C-9657-FB3395969461}.Debug|Any CPU.ActiveCfg = Debug|Any CPU
		{EEA389E0-CAB4-403C-9657-FB3395969461}.Debug|Any CPU.Build.0 = Debug|Any CPU
		{EEA389E0-CAB4-403C-9657-FB3395969461}.Release|Any CPU.ActiveCfg = Release|Any CPU
		{EEA389E0-CAB4-403C-9657-FB3395969461}.Release|Any CPU.Build.0 = Release|Any CPU
		{B6005031-E11F-4D23-ABC9-2C15CA8890C5}.Debug|Any CPU.ActiveCfg = Debug|Any CPU
		{B6005031-E11F-4D23-ABC9-2C15CA8890C5}.Debug|Any CPU.Build.0 = Debug|Any CPU
		{B6005031-E11F-4D23-ABC9-2C15CA8890C5}.Release|Any CPU.ActiveCfg = Release|Any CPU
		{B6005031-E11F-4D23-ABC9-2C15CA8890C5}.Release|Any CPU.Build.0 = Release|Any CPU
		{6F832AA6-87EE-4E3B-8964-4A05A66ED286}.Debug|Any CPU.ActiveCfg = Debug|Any CPU
		{6F832AA6-87EE-4E3B-8964-4A05A66ED286}.Debug|Any CPU.Build.0 = Debug|Any CPU
		{6F832AA6-87EE-4E3B-8964-4A05A66ED286}.Release|Any CPU.ActiveCfg = Release|Any CPU
		{6F832AA6-87EE-4E3B-8964-4A05A66ED286}.Release|Any CPU.Build.0 = Release|Any CPU
		{5B6D6B48-E825-4148-BB64-99838B2A2169}.Debug|Any CPU.ActiveCfg = Debug|Any CPU
		{5B6D6B48-E825-4148-BB64-99838B2A2169}.Debug|Any CPU.Build.0 = Debug|Any CPU
		{5B6D6B48-E825-4148-BB64-99838B2A2169}.Release|Any CPU.ActiveCfg = Release|Any CPU
		{5B6D6B48-E825-4148-BB64-99838B2A2169}.Release|Any CPU.Build.0 = Release|Any CPU
	EndGlobalSection
EndGlobal
